
Microsoft Visual Studio Solution File, Format Version 12.00
# Visual Studio 15
VisualStudioVersion = 15.0.27130.2027
MinimumVisualStudioVersion = 10.0.40219.1
Project("{FAE04EC0-301F-11D3-BF4B-00C04F79EFBC}") = "Service", "Service\Service.csproj", "{BE4477BA-0650-4476-A116-FB6C1EE05162}"
EndProject
Project("{FAE04EC0-301F-11D3-BF4B-00C04F79EFBC}") = "Service.Test", "XUnitTestProject1\Service.Test.csproj", "{4F3DD45F-0EE7-4497-A790-0D41C4CC22F1}"
EndProject
Global
	GlobalSection(SolutionConfigurationPlatforms) = preSolution
		Debug|Any CPU = Debug|Any CPU
		Release|Any CPU = Release|Any CPU
	EndGlobalSection
	GlobalSection(ProjectConfigurationPlatforms) = postSolution
		{BE4477BA-0650-4476-A116-FB6C1EE05162}.Debug|Any CPU.ActiveCfg = Debug|Any CPU
		{BE4477BA-0650-4476-A116-FB6C1EE05162}.Debug|Any CPU.Build.0 = Debug|Any CPU
		{BE4477BA-0650-4476-A116-FB6C1EE05162}.Release|Any CPU.ActiveCfg = Release|Any CPU
		{BE4477BA-0650-4476-A116-FB6C1EE05162}.Release|Any CPU.Build.0 = Release|Any CPU
		{4F3DD45F-0EE7-4497-A790-0D41C4CC22F1}.Debug|Any CPU.ActiveCfg = Debug|Any CPU
		{4F3DD45F-0EE7-4497-A790-0D41C4CC22F1}.Debug|Any CPU.Build.0 = Debug|Any CPU
		{4F3DD45F-0EE7-4497-A790-0D41C4CC22F1}.Release|Any CPU.ActiveCfg = Release|Any CPU
		{4F3DD45F-0EE7-4497-A790-0D41C4CC22F1}.Release|Any CPU.Build.0 = Release|Any CPU
	EndGlobalSection
	GlobalSection(SolutionProperties) = preSolution
		HideSolutionNode = FALSE
	EndGlobalSection
	GlobalSection(ExtensibilityGlobals) = postSolution
		SolutionGuid = {1BD9E310-C823-4297-A69D-0620431FC392}
	EndGlobalSection
EndGlobal
