
Microsoft Visual Studio Solution File, Format Version 12.00
# Visual Studio 15
VisualStudioVersion = 15.0.27130.2027
MinimumVisualStudioVersion = 10.0.40219.1
Project("{FAE04EC0-301F-11D3-BF4B-00C04F79EFBC}") = "Service", "Service\Service.csproj", "{BE4477BA-0650-4476-A116-FB6C1EE05162}"
EndProject
Project("{FAE04EC0-301F-11D3-BF4B-00C04F79EFBC}") = "tools", "tools\tools.csproj", "{0AE5F4FF-CC24-4C32-8329-55CED24624AA}"
EndProject
Project("{9A19103F-16F7-4668-BE54-9A1E7A4F7556}") = "Service.Test", "Test\CalculatorTest\Service.Test.csproj", "{575A5622-5787-4957-9FC6-9816CDFA6D73}"
EndProject
Global
	GlobalSection(SolutionConfigurationPlatforms) = preSolution
		Debug|Any CPU = Debug|Any CPU
		Release|Any CPU = Release|Any CPU
	EndGlobalSection
	GlobalSection(ProjectConfigurationPlatforms) = postSolution
		{BE4477BA-0650-4476-A116-FB6C1EE05162}.Debug|Any CPU.ActiveCfg = Debug|Any CPU
		{BE4477BA-0650-4476-A116-FB6C1EE05162}.Debug|Any CPU.Build.0 = Debug|Any CPU
		{BE4477BA-0650-4476-A116-FB6C1EE05162}.Release|Any CPU.ActiveCfg = Release|Any CPU
		{BE4477BA-0650-4476-A116-FB6C1EE05162}.Release|Any CPU.Build.0 = Release|Any CPU
		{0AE5F4FF-CC24-4C32-8329-55CED24624AA}.Debug|Any CPU.ActiveCfg = Debug|Any CPU
		{0AE5F4FF-CC24-4C32-8329-55CED24624AA}.Debug|Any CPU.Build.0 = Debug|Any CPU
		{0AE5F4FF-CC24-4C32-8329-55CED24624AA}.Release|Any CPU.ActiveCfg = Release|Any CPU
		{0AE5F4FF-CC24-4C32-8329-55CED24624AA}.Release|Any CPU.Build.0 = Release|Any CPU
		{575A5622-5787-4957-9FC6-9816CDFA6D73}.Debug|Any CPU.ActiveCfg = Debug|Any CPU
		{575A5622-5787-4957-9FC6-9816CDFA6D73}.Debug|Any CPU.Build.0 = Debug|Any CPU
		{575A5622-5787-4957-9FC6-9816CDFA6D73}.Release|Any CPU.ActiveCfg = Release|Any CPU
		{575A5622-5787-4957-9FC6-9816CDFA6D73}.Release|Any CPU.Build.0 = Release|Any CPU
	EndGlobalSection
	GlobalSection(SolutionProperties) = preSolution
		HideSolutionNode = FALSE
	EndGlobalSection
	GlobalSection(ExtensibilityGlobals) = postSolution
		SolutionGuid = {1BD9E310-C823-4297-A69D-0620431FC392}
	EndGlobalSection
EndGlobal
